
Microsoft Visual Studio Solution File, Format Version 12.00
# Visual Studio Version 17
VisualStudioVersion = 17.9.34723.18
MinimumVisualStudioVersion = 10.0.40219.1
Project("{FAE04EC0-301F-11D3-BF4B-00C04F79EFBC}") = "RubiksCubeFINALHopefully", "RubiksCubeFINALHopefully\RubiksCubeFINALHopefully.csproj", "{46D8FD36-EBD7-4590-8278-7D86B8BB7D74}"
EndProject
Global
	GlobalSection(SolutionConfigurationPlatforms) = preSolution
		Debug|Any CPU = Debug|Any CPU
		Release|Any CPU = Release|Any CPU
	EndGlobalSection
	GlobalSection(ProjectConfigurationPlatforms) = postSolution
		{46D8FD36-EBD7-4590-8278-7D86B8BB7D74}.Debug|Any CPU.ActiveCfg = Debug|Any CPU
		{46D8FD36-EBD7-4590-8278-7D86B8BB7D74}.Debug|Any CPU.Build.0 = Debug|Any CPU
		{46D8FD36-EBD7-4590-8278-7D86B8BB7D74}.Release|Any CPU.ActiveCfg = Release|Any CPU
		{46D8FD36-EBD7-4590-8278-7D86B8BB7D74}.Release|Any CPU.Build.0 = Release|Any CPU
	EndGlobalSection
	GlobalSection(SolutionProperties) = preSolution
		HideSolutionNode = FALSE
	EndGlobalSection
	GlobalSection(ExtensibilityGlobals) = postSolution
		SolutionGuid = {1D342EC4-D2A9-46AE-8AE4-DA494254EA5F}
	EndGlobalSection
EndGlobal
