
Microsoft Visual Studio Solution File, Format Version 12.00
# Visual Studio Version 17
VisualStudioVersion = 17.9.34723.18
MinimumVisualStudioVersion = 10.0.40219.1
Project("{888888A0-9F3D-457C-B088-3A5042F75D52}") = "TestingRubiksCubeLibs", "TestingRubiksCubeLibs\TestingRubiksCubeLibs.pyproj", "{35AE4AC8-C288-4E1C-87AC-6833D4906F59}"
EndProject
Global
	GlobalSection(SolutionConfigurationPlatforms) = preSolution
		Debug|Any CPU = Debug|Any CPU
		Release|Any CPU = Release|Any CPU
	EndGlobalSection
	GlobalSection(ProjectConfigurationPlatforms) = postSolution
		{35AE4AC8-C288-4E1C-87AC-6833D4906F59}.Debug|Any CPU.ActiveCfg = Debug|Any CPU
		{35AE4AC8-C288-4E1C-87AC-6833D4906F59}.Release|Any CPU.ActiveCfg = Release|Any CPU
	EndGlobalSection
	GlobalSection(SolutionProperties) = preSolution
		HideSolutionNode = FALSE
	EndGlobalSection
	GlobalSection(ExtensibilityGlobals) = postSolution
		SolutionGuid = {BDB3BC7E-3E5D-4BDA-8626-6096FF81DAD3}
	EndGlobalSection
EndGlobal
